
Microsoft Visual Studio Solution File, Format Version 12.00
# Visual Studio Version 17
VisualStudioVersion = 17.4.33103.184
MinimumVisualStudioVersion = 10.0.40219.1
Project("{FAE04EC0-301F-11D3-BF4B-00C04F79EFBC}") = "Place4Pawz", "Place4Pawz.csproj", "{948CFBA3-77D7-4846-926B-31EAC3E9F6AF}"
EndProject
Global
	GlobalSection(SolutionConfigurationPlatforms) = preSolution
		Debug|Any CPU = Debug|Any CPU
		Release|Any CPU = Release|Any CPU
	EndGlobalSection
	GlobalSection(ProjectConfigurationPlatforms) = postSolution
		{948CFBA3-77D7-4846-926B-31EAC3E9F6AF}.Debug|Any CPU.ActiveCfg = Debug|Any CPU
		{948CFBA3-77D7-4846-926B-31EAC3E9F6AF}.Debug|Any CPU.Build.0 = Debug|Any CPU
		{948CFBA3-77D7-4846-926B-31EAC3E9F6AF}.Release|Any CPU.ActiveCfg = Release|Any CPU
		{948CFBA3-77D7-4846-926B-31EAC3E9F6AF}.Release|Any CPU.Build.0 = Release|Any CPU
	EndGlobalSection
	GlobalSection(SolutionProperties) = preSolution
		HideSolutionNode = FALSE
	EndGlobalSection
	GlobalSection(ExtensibilityGlobals) = postSolution
		SolutionGuid = {B58DA240-825C-42E2-8C20-924966D256B6}
	EndGlobalSection
EndGlobal
